
Microsoft Visual Studio Solution File, Format Version 12.00
# Visual Studio Version 17
VisualStudioVersion = 17.4.33205.214
MinimumVisualStudioVersion = 10.0.40219.1
Project("{FAE04EC0-301F-11D3-BF4B-00C04F79EFBC}") = "Exe_1", "Exe_1\Exe_1.csproj", "{3990FEB6-6B74-41D6-9E94-A0CD2530EE07}"
EndProject
Project("{FAE04EC0-301F-11D3-BF4B-00C04F79EFBC}") = "Exe_2", "Exe_2\Exe_2.csproj", "{5D01F633-DF85-4B03-801B-BC67C1CF11E5}"
EndProject
Project("{FAE04EC0-301F-11D3-BF4B-00C04F79EFBC}") = "Exe_3", "Exe_3\Exe_3.csproj", "{DB5CF4B0-82D8-46B9-88EB-457C6645D15D}"
EndProject
Project("{FAE04EC0-301F-11D3-BF4B-00C04F79EFBC}") = "Exe_4", "Exe_4\Exe_4.csproj", "{B91675EC-6856-4CCB-9A76-20DE351F4E7F}"
EndProject
Project("{FAE04EC0-301F-11D3-BF4B-00C04F79EFBC}") = "Exe_5", "Exe_5\Exe_5.csproj", "{46E0FA62-77DD-477F-AD1E-D8DF163EA99B}"
EndProject
Project("{FAE04EC0-301F-11D3-BF4B-00C04F79EFBC}") = "Exe_6", "Exe_6\Exe_6.csproj", "{1FD5CB35-96E9-41C6-9858-A0A5B56A1BED}"
EndProject
Project("{FAE04EC0-301F-11D3-BF4B-00C04F79EFBC}") = "Exe_7", "Exe_7\Exe_7.csproj", "{B08015A4-EE5D-45E9-A3D2-F27843E87D24}"
EndProject
Project("{FAE04EC0-301F-11D3-BF4B-00C04F79EFBC}") = "Exe_8", "Exe_8\Exe_8.csproj", "{1CDDC380-ED1C-468E-98BC-44DC603D14DA}"
EndProject
Project("{FAE04EC0-301F-11D3-BF4B-00C04F79EFBC}") = "Exe_9", "Exe_9\Exe_9.csproj", "{FFD14960-83E0-40ED-B7FE-0C41A1D04338}"
EndProject
Project("{FAE04EC0-301F-11D3-BF4B-00C04F79EFBC}") = "Exe_10", "Exe_10\Exe_10.csproj", "{0C5CF322-08F3-462C-ABEE-E65C7127B559}"
EndProject
Project("{FAE04EC0-301F-11D3-BF4B-00C04F79EFBC}") = "Exe_11", "Exe_11\Exe_11.csproj", "{8061390A-479D-4A79-BC49-06A2ED0A17FD}"
EndProject
Project("{FAE04EC0-301F-11D3-BF4B-00C04F79EFBC}") = "Exe_12", "Exe_12\Exe_12.csproj", "{5F6A52B2-4E81-4E5B-A6BF-B6F47DF9E8F8}"
EndProject
Project("{FAE04EC0-301F-11D3-BF4B-00C04F79EFBC}") = "Exe_13", "Exe_13\Exe_13.csproj", "{D3F248B1-A91A-42D7-96BF-84B47D0DC955}"
EndProject
Project("{FAE04EC0-301F-11D3-BF4B-00C04F79EFBC}") = "Exe_14", "Exe_14\Exe_14.csproj", "{9576786C-E57A-47FB-80E1-7F9CA172B1F8}"
EndProject
Project("{FAE04EC0-301F-11D3-BF4B-00C04F79EFBC}") = "Exe_15", "Exe_15\Exe_15.csproj", "{9183B673-982F-4369-B9A9-6950FAC6E26B}"
EndProject
Global
	GlobalSection(SolutionConfigurationPlatforms) = preSolution
		Debug|Any CPU = Debug|Any CPU
		Release|Any CPU = Release|Any CPU
	EndGlobalSection
	GlobalSection(ProjectConfigurationPlatforms) = postSolution
		{3990FEB6-6B74-41D6-9E94-A0CD2530EE07}.Debug|Any CPU.ActiveCfg = Debug|Any CPU
		{3990FEB6-6B74-41D6-9E94-A0CD2530EE07}.Debug|Any CPU.Build.0 = Debug|Any CPU
		{3990FEB6-6B74-41D6-9E94-A0CD2530EE07}.Release|Any CPU.ActiveCfg = Release|Any CPU
		{3990FEB6-6B74-41D6-9E94-A0CD2530EE07}.Release|Any CPU.Build.0 = Release|Any CPU
		{5D01F633-DF85-4B03-801B-BC67C1CF11E5}.Debug|Any CPU.ActiveCfg = Debug|Any CPU
		{5D01F633-DF85-4B03-801B-BC67C1CF11E5}.Debug|Any CPU.Build.0 = Debug|Any CPU
		{5D01F633-DF85-4B03-801B-BC67C1CF11E5}.Release|Any CPU.ActiveCfg = Release|Any CPU
		{5D01F633-DF85-4B03-801B-BC67C1CF11E5}.Release|Any CPU.Build.0 = Release|Any CPU
		{DB5CF4B0-82D8-46B9-88EB-457C6645D15D}.Debug|Any CPU.ActiveCfg = Debug|Any CPU
		{DB5CF4B0-82D8-46B9-88EB-457C6645D15D}.Debug|Any CPU.Build.0 = Debug|Any CPU
		{DB5CF4B0-82D8-46B9-88EB-457C6645D15D}.Release|Any CPU.ActiveCfg = Release|Any CPU
		{DB5CF4B0-82D8-46B9-88EB-457C6645D15D}.Release|Any CPU.Build.0 = Release|Any CPU
		{B91675EC-6856-4CCB-9A76-20DE351F4E7F}.Debug|Any CPU.ActiveCfg = Debug|Any CPU
		{B91675EC-6856-4CCB-9A76-20DE351F4E7F}.Debug|Any CPU.Build.0 = Debug|Any CPU
		{B91675EC-6856-4CCB-9A76-20DE351F4E7F}.Release|Any CPU.ActiveCfg = Release|Any CPU
		{B91675EC-6856-4CCB-9A76-20DE351F4E7F}.Release|Any CPU.Build.0 = Release|Any CPU
		{46E0FA62-77DD-477F-AD1E-D8DF163EA99B}.Debug|Any CPU.ActiveCfg = Debug|Any CPU
		{46E0FA62-77DD-477F-AD1E-D8DF163EA99B}.Debug|Any CPU.Build.0 = Debug|Any CPU
		{46E0FA62-77DD-477F-AD1E-D8DF163EA99B}.Release|Any CPU.ActiveCfg = Release|Any CPU
		{46E0FA62-77DD-477F-AD1E-D8DF163EA99B}.Release|Any CPU.Build.0 = Release|Any CPU
		{1FD5CB35-96E9-41C6-9858-A0A5B56A1BED}.Debug|Any CPU.ActiveCfg = Debug|Any CPU
		{1FD5CB35-96E9-41C6-9858-A0A5B56A1BED}.Debug|Any CPU.Build.0 = Debug|Any CPU
		{1FD5CB35-96E9-41C6-9858-A0A5B56A1BED}.Release|Any CPU.ActiveCfg = Release|Any CPU
		{1FD5CB35-96E9-41C6-9858-A0A5B56A1BED}.Release|Any CPU.Build.0 = Release|Any CPU
		{B08015A4-EE5D-45E9-A3D2-F27843E87D24}.Debug|Any CPU.ActiveCfg = Debug|Any CPU
		{B08015A4-EE5D-45E9-A3D2-F27843E87D24}.Debug|Any CPU.Build.0 = Debug|Any CPU
		{B08015A4-EE5D-45E9-A3D2-F27843E87D24}.Release|Any CPU.ActiveCfg = Release|Any CPU
		{B08015A4-EE5D-45E9-A3D2-F27843E87D24}.Release|Any CPU.Build.0 = Release|Any CPU
		{1CDDC380-ED1C-468E-98BC-44DC603D14DA}.Debug|Any CPU.ActiveCfg = Debug|Any CPU
		{1CDDC380-ED1C-468E-98BC-44DC603D14DA}.Debug|Any CPU.Build.0 = Debug|Any CPU
		{1CDDC380-ED1C-468E-98BC-44DC603D14DA}.Release|Any CPU.ActiveCfg = Release|Any CPU
		{1CDDC380-ED1C-468E-98BC-44DC603D14DA}.Release|Any CPU.Build.0 = Release|Any CPU
		{FFD14960-83E0-40ED-B7FE-0C41A1D04338}.Debug|Any CPU.ActiveCfg = Debug|Any CPU
		{FFD14960-83E0-40ED-B7FE-0C41A1D04338}.Debug|Any CPU.Build.0 = Debug|Any CPU
		{FFD14960-83E0-40ED-B7FE-0C41A1D04338}.Release|Any CPU.ActiveCfg = Release|Any CPU
		{FFD14960-83E0-40ED-B7FE-0C41A1D04338}.Release|Any CPU.Build.0 = Release|Any CPU
		{0C5CF322-08F3-462C-ABEE-E65C7127B559}.Debug|Any CPU.ActiveCfg = Debug|Any CPU
		{0C5CF322-08F3-462C-ABEE-E65C7127B559}.Debug|Any CPU.Build.0 = Debug|Any CPU
		{0C5CF322-08F3-462C-ABEE-E65C7127B559}.Release|Any CPU.ActiveCfg = Release|Any CPU
		{0C5CF322-08F3-462C-ABEE-E65C7127B559}.Release|Any CPU.Build.0 = Release|Any CPU
		{8061390A-479D-4A79-BC49-06A2ED0A17FD}.Debug|Any CPU.ActiveCfg = Debug|Any CPU
		{8061390A-479D-4A79-BC49-06A2ED0A17FD}.Debug|Any CPU.Build.0 = Debug|Any CPU
		{8061390A-479D-4A79-BC49-06A2ED0A17FD}.Release|Any CPU.ActiveCfg = Release|Any CPU
		{8061390A-479D-4A79-BC49-06A2ED0A17FD}.Release|Any CPU.Build.0 = Release|Any CPU
		{5F6A52B2-4E81-4E5B-A6BF-B6F47DF9E8F8}.Debug|Any CPU.ActiveCfg = Debug|Any CPU
		{5F6A52B2-4E81-4E5B-A6BF-B6F47DF9E8F8}.Debug|Any CPU.Build.0 = Debug|Any CPU
		{5F6A52B2-4E81-4E5B-A6BF-B6F47DF9E8F8}.Release|Any CPU.ActiveCfg = Release|Any CPU
		{5F6A52B2-4E81-4E5B-A6BF-B6F47DF9E8F8}.Release|Any CPU.Build.0 = Release|Any CPU
		{D3F248B1-A91A-42D7-96BF-84B47D0DC955}.Debug|Any CPU.ActiveCfg = Debug|Any CPU
		{D3F248B1-A91A-42D7-96BF-84B47D0DC955}.Debug|Any CPU.Build.0 = Debug|Any CPU
		{D3F248B1-A91A-42D7-96BF-84B47D0DC955}.Release|Any CPU.ActiveCfg = Release|Any CPU
		{D3F248B1-A91A-42D7-96BF-84B47D0DC955}.Release|Any CPU.Build.0 = Release|Any CPU
		{9576786C-E57A-47FB-80E1-7F9CA172B1F8}.Debug|Any CPU.ActiveCfg = Debug|Any CPU
		{9576786C-E57A-47FB-80E1-7F9CA172B1F8}.Debug|Any CPU.Build.0 = Debug|Any CPU
		{9576786C-E57A-47FB-80E1-7F9CA172B1F8}.Release|Any CPU.ActiveCfg = Release|Any CPU
		{9576786C-E57A-47FB-80E1-7F9CA172B1F8}.Release|Any CPU.Build.0 = Release|Any CPU
		{9183B673-982F-4369-B9A9-6950FAC6E26B}.Debug|Any CPU.ActiveCfg = Debug|Any CPU
		{9183B673-982F-4369-B9A9-6950FAC6E26B}.Debug|Any CPU.Build.0 = Debug|Any CPU
		{9183B673-982F-4369-B9A9-6950FAC6E26B}.Release|Any CPU.ActiveCfg = Release|Any CPU
		{9183B673-982F-4369-B9A9-6950FAC6E26B}.Release|Any CPU.Build.0 = Release|Any CPU
	EndGlobalSection
	GlobalSection(SolutionProperties) = preSolution
		HideSolutionNode = FALSE
	EndGlobalSection
	GlobalSection(ExtensibilityGlobals) = postSolution
		SolutionGuid = {D7DFFF93-FA19-4FF3-9D4D-0AF6A00C6629}
	EndGlobalSection
EndGlobal
